uuid: 96baa104-f892-4421-9e5f-9eb398555fe3
langcode: en
status: true
dependencies:
  module:
    - block_content
    - media
id: block_content.field_image_block
field_name: field_image_block
entity_type: block_content
type: entity_reference
settings:
  target_type: media
module: core
locked: false
cardinality: 1
translatable: true
indexes: {  }
persist_with_no_fields: false
custom_storage: false
